
Microsoft Visual Studio Solution File, Format Version 12.00
# Visual Studio Version 16
VisualStudioVersion = 16.0.30621.155
MinimumVisualStudioVersion = 10.0.40219.1
Project("{9A19103F-16F7-4668-BE54-9A1E7A4F7556}") = "ImageService", "ImageService.csproj", "{0E5181A0-3578-426D-BDC0-24BADB333D9A}"
EndProject
Project("{9A19103F-16F7-4668-BE54-9A1E7A4F7556}") = "AuthenticationBase", "..\AuthenticationBase\AuthenticationBase.csproj", "{6921C25A-9AC1-43B8-BD03-FE1113F0CE3D}"
EndProject
Global
	GlobalSection(SolutionConfigurationPlatforms) = preSolution
		Debug|Any CPU = Debug|Any CPU
		Release|Any CPU = Release|Any CPU
	EndGlobalSection
	GlobalSection(ProjectConfigurationPlatforms) = postSolution
		{0E5181A0-3578-426D-BDC0-24BADB333D9A}.Debug|Any CPU.ActiveCfg = Debug|Any CPU
		{0E5181A0-3578-426D-BDC0-24BADB333D9A}.Debug|Any CPU.Build.0 = Debug|Any CPU
		{0E5181A0-3578-426D-BDC0-24BADB333D9A}.Release|Any CPU.ActiveCfg = Release|Any CPU
		{0E5181A0-3578-426D-BDC0-24BADB333D9A}.Release|Any CPU.Build.0 = Release|Any CPU
		{6921C25A-9AC1-43B8-BD03-FE1113F0CE3D}.Debug|Any CPU.ActiveCfg = Debug|Any CPU
		{6921C25A-9AC1-43B8-BD03-FE1113F0CE3D}.Debug|Any CPU.Build.0 = Debug|Any CPU
		{6921C25A-9AC1-43B8-BD03-FE1113F0CE3D}.Release|Any CPU.ActiveCfg = Release|Any CPU
		{6921C25A-9AC1-43B8-BD03-FE1113F0CE3D}.Release|Any CPU.Build.0 = Release|Any CPU
	EndGlobalSection
	GlobalSection(SolutionProperties) = preSolution
		HideSolutionNode = FALSE
	EndGlobalSection
	GlobalSection(ExtensibilityGlobals) = postSolution
		SolutionGuid = {76260D5E-482E-46C8-81B6-78DD9970F23F}
	EndGlobalSection
EndGlobal
